// !$*UTF8*$!
{
	archiveVersion = 1;
	classes = {
	};
	objectVersion = 46;
	objects = {

/* Begin PBXBuildFile section */
		1D1945F41AAB79BEC93C10E0 /* libPods-storePostOnFB.a in Frameworks */ = {isa = PBXBuildFile; fileRef = 56EA81D63D25E20682200FE9 /* libPods-storePostOnFB.a */; };
		2F20252E1F2F1F70007DD6F8 /* main.m in Sources */ = {isa = PBXBuildFile; fileRef = 2F20252D1F2F1F70007DD6F8 /* main.m */; };
		2F2025311F2F1F70007DD6F8 /* AppDelegate.m in Sources */ = {isa = PBXBuildFile; fileRef = 2F2025301F2F1F70007DD6F8 /* AppDelegate.m */; };
		2F2025341F2F1F70007DD6F8 /* ViewController.m in Sources */ = {isa = PBXBuildFile; fileRef = 2F2025331F2F1F70007DD6F8 /* ViewController.m */; };
		2F2025371F2F1F70007DD6F8 /* Main.storyboard in Resources */ = {isa = PBXBuildFile; fileRef = 2F2025351F2F1F70007DD6F8 /* Main.storyboard */; };
		2F2025391F2F1F70007DD6F8 /* Assets.xcassets in Resources */ = {isa = PBXBuildFile; fileRef = 2F2025381F2F1F70007DD6F8 /* Assets.xcassets */; };
		2F20253C1F2F1F70007DD6F8 /* LaunchScreen.storyboard in Resources */ = {isa = PBXBuildFile; fileRef = 2F20253A1F2F1F70007DD6F8 /* LaunchScreen.storyboard */; };
		2F2025451F2F20BA007DD6F8 /* composeVC.m in Sources */ = {isa = PBXBuildFile; fileRef = 2F2025441F2F20BA007DD6F8 /* composeVC.m */; };
		2F2025491F2F3B6B007DD6F8 /* GoogleService-Info.plist in Resources */ = {isa = PBXBuildFile; fileRef = 2F2025481F2F3B6B007DD6F8 /* GoogleService-Info.plist */; };
/* End PBXBuildFile section */

/* Begin PBXFileReference section */
		2F2025291F2F1F70007DD6F8 /* storePostOnFB.app */ = {isa = PBXFileReference; explicitFileType = wrapper.application; includeInIndex = 0; path = storePostOnFB.app; sourceTree = BUILT_PRODUCTS_DIR; };
		2F20252D1F2F1F70007DD6F8 /* main.m */ = {isa = PBXFileReference; lastKnownFileType = sourcecode.c.objc; path = main.m; sourceTree = "<group>"; };
		2F20252F1F2F1F70007DD6F8 /* AppDelegate.h */ = {isa = PBXFileReference; lastKnownFileType = sourcecode.c.h; path = AppDelegate.h; sourceTree = "<group>"; };
		2F2025301F2F1F70007DD6F8 /* AppDelegate.m */ = {isa = PBXFileReference; lastKnownFileType = sourcecode.c.objc; path = AppDelegate.m; sourceTree = "<group>"; };
		2F2025321F2F1F70007DD6F8 /* ViewController.h */ = {isa = PBXFileReference; lastKnownFileType = sourcecode.c.h; path = ViewController.h; sourceTree = "<group>"; };
		2F2025331F2F1F70007DD6F8 /* ViewController.m */ = {isa = PBXFileReference; lastKnownFileType = sourcecode.c.objc; path = ViewController.m; sourceTree = "<group>"; };
		2F2025361F2F1F70007DD6F8 /* Base */ = {isa = PBXFileReference; lastKnownFileType = file.storyboard; name = Base; path = Base.lproj/Main.storyboard; sourceTree = "<group>"; };
		2F2025381F2F1F70007DD6F8 /* Assets.xcassets */ = {isa = PBXFileReference; lastKnownFileType = folder.assetcatalog; path = Assets.xcassets; sourceTree = "<group>"; };
		2F20253B1F2F1F70007DD6F8 /* Base */ = {isa = PBXFileReference; lastKnownFileType = file.storyboard; name = Base; path = Base.lproj/LaunchScreen.storyboard; sourceTree = "<group>"; };
		2F20253D1F2F1F70007DD6F8 /* Info.plist */ = {isa = PBXFileReference; lastKnownFileType = text.plist.xml; path = Info.plist; sourceTree = "<group>"; };
		2F2025431F2F20BA007DD6F8 /* composeVC.h */ = {isa = PBXFileReference; fileEncoding = 4; lastKnownFileType = sourcecode.c.h; name = composeVC.h; path = ../composeVC.h; sourceTree = "<group>"; };
		2F2025441F2F20BA007DD6F8 /* composeVC.m */ = {isa = PBXFileReference; fileEncoding = 4; lastKnownFileType = sourcecode.c.objc; name = composeVC.m; path = ../composeVC.m; sourceTree = "<group>"; };
		2F2025481F2F3B6B007DD6F8 /* GoogleService-Info.plist */ = {isa = PBXFileReference; fileEncoding = 4; lastKnownFileType = text.plist.xml; path = "GoogleService-Info.plist"; sourceTree = "<group>"; };
		3F18E355CEAC1F039D633EB6 /* Pods-storePostOnFB.debug.xcconfig */ = {isa = PBXFileReference; includeInIndex = 1; lastKnownFileType = text.xcconfig; name = "Pods-storePostOnFB.debug.xcconfig"; path = "Pods/Target Support Files/Pods-storePostOnFB/Pods-storePostOnFB.debug.xcconfig"; sourceTree = "<group>"; };
		56EA81D63D25E20682200FE9 /* libPods-storePostOnFB.a */ = {isa = PBXFileReference; explicitFileType = archive.ar; includeInIndex = 0; path = "libPods-storePostOnFB.a"; sourceTree = BUILT_PRODUCTS_DIR; };
		B1F6949273C4DB8B65221423 /* Pods-storePostOnFB.release.xcconfig */ = {isa = PBXFileReference; includeInIndex = 1; lastKnownFileType = text.xcconfig; name = "Pods-storePostOnFB.release.xcconfig"; path = "Pods/Target Support Files/Pods-storePostOnFB/Pods-storePostOnFB.release.xcconfig"; sourceTree = "<group>"; };
/* End PBXFileReference section */

/* Begin PBXFrameworksBuildPhase section */
		2F2025261F2F1F70007DD6F8 /* Frameworks */ = {
			isa = PBXFrameworksBuildPhase;
			buildActionMask = 2147483647;
			files = (
				1D1945F41AAB79BEC93C10E0 /* libPods-storePostOnFB.a in Frameworks */,
			);
			runOnlyForDeploymentPostprocessing = 0;
		};
/* End PBXFrameworksBuildPhase section */

/* Begin PBXGroup section */
		2F2025201F2F1F70007DD6F8 = {
			isa = PBXGroup;
			children = (
				2F20252B1F2F1F70007DD6F8 /* storePostOnFB */,
				2F20252A1F2F1F70007DD6F8 /* Products */,
				51E7F03EE106D1C6612F7AD7 /* Pods */,
				CF948CABED299141EBFA1A76 /* Frameworks */,
			);
			sourceTree = "<group>";
		};
		2F20252A1F2F1F70007DD6F8 /* Products */ = {
			isa = PBXGroup;
			children = (
				2F2025291F2F1F70007DD6F8 /* storePostOnFB.app */,
			);
			name = Products;
			sourceTree = "<group>";
		};
		2F20252B1F2F1F70007DD6F8 /* storePostOnFB */ = {
			isa = PBXGroup;
			children = (
				2F20252F1F2F1F70007DD6F8 /* AppDelegate.h */,
				2F2025301F2F1F70007DD6F8 /* AppDelegate.m */,
				2F2025321F2F1F70007DD6F8 /* ViewController.h */,
				2F2025331F2F1F70007DD6F8 /* ViewController.m */,
				2F2025431F2F20BA007DD6F8 /* composeVC.h */,
				2F2025441F2F20BA007DD6F8 /* composeVC.m */,
				2F2025351F2F1F70007DD6F8 /* Main.storyboard */,
				2F2025381F2F1F70007DD6F8 /* Assets.xcassets */,
				2F20253A1F2F1F70007DD6F8 /* LaunchScreen.storyboard */,
				2F20253D1F2F1F70007DD6F8 /* Info.plist */,
				2F2025481F2F3B6B007DD6F8 /* GoogleService-Info.plist */,
				2F20252C1F2F1F70007DD6F8 /* Supporting Files */,
			);
			path = storePostOnFB;
			sourceTree = "<group>";
		};
		2F20252C1F2F1F70007DD6F8 /* Supporting Files */ = {
			isa = PBXGroup;
			children = (
				2F20252D1F2F1F70007DD6F8 /* main.m */,
			);
			name = "Supporting Files";
			sourceTree = "<group>";
		};
		51E7F03EE106D1C6612F7AD7 /* Pods */ = {
			isa = PBXGroup;
			children = (
				3F18E355CEAC1F039D633EB6 /* Pods-storePostOnFB.debug.xcconfig */,
				B1F6949273C4DB8B65221423 /* Pods-storePostOnFB.release.xcconfig */,
			);
			name = Pods;
			sourceTree = "<group>";
		};
		CF948CABED299141EBFA1A76 /* Frameworks */ = {
			isa = PBXGroup;
			children = (
				56EA81D63D25E20682200FE9 /* libPods-storePostOnFB.a */,
			);
			name = Frameworks;
			sourceTree = "<group>";
		};
/* End PBXGroup section */

/* Begin PBXNativeTarget section */
		2F2025281F2F1F70007DD6F8 /* storePostOnFB */ = {
			isa = PBXNativeTarget;
			buildConfigurationList = 2F2025401F2F1F70007DD6F8 /* Build configuration list for PBXNativeTarget "storePostOnFB" */;
			buildPhases = (
				F65EE82CFF3419EEAD5EB727 /* [CP] Check Pods Manifest.lock */,
				2F2025251F2F1F70007DD6F8 /* Sources */,
				2F2025261F2F1F70007DD6F8 /* Frameworks */,
				2F2025271F2F1F70007DD6F8 /* Resources */,
				76B0B6A75D37B9AB422BE3FB /* [CP] Embed Pods Frameworks */,
				E8F25D00C6E714357D22508A /* [CP] Copy Pods Resources */,
			);
			buildRules = (
			);
			dependencies = (
			);
			name = storePostOnFB;
			productName = storePostOnFB;
			productReference = 2F2025291F2F1F70007DD6F8 /* storePostOnFB.app */;
			productType = "com.apple.product-type.application";
		};
/* End PBXNativeTarget section */

/* Begin PBXProject section */
		2F2025211F2F1F70007DD6F8 /* Project object */ = {
			isa = PBXProject;
			attributes = {
				LastUpgradeCheck = 0830;
				ORGANIZATIONNAME = BarUncle;
				TargetAttributes = {
					2F2025281F2F1F70007DD6F8 = {
						CreatedOnToolsVersion = 8.3.3;
						ProvisioningStyle = Automatic;
					};
				};
			};
			buildConfigurationList = 2F2025241F2F1F70007DD6F8 /* Build configuration list for PBXProject "storePostOnFB" */;
			compatibilityVersion = "Xcode 3.2";
			developmentRegion = English;
			hasScannedForEncodings = 0;
			knownRegions = (
				en,
				Base,
			);
			mainGroup = 2F2025201F2F1F70007DD6F8;
			productRefGroup = 2F20252A1F2F1F70007DD6F8 /* Products */;
			projectDirPath = "";
			projectRoot = "";
			targets = (
				2F2025281F2F1F70007DD6F8 /* storePostOnFB */,
			);
		};
/* End PBXProject section */

/* Begin PBXResourcesBuildPhase section */
		2F2025271F2F1F70007DD6F8 /* Resources */ = {
			isa = PBXResourcesBuildPhase;
			buildActionMask = 2147483647;
			files = (
				2F20253C1F2F1F70007DD6F8 /* LaunchScreen.storyboard in Resources */,
				2F2025491F2F3B6B007DD6F8 /* GoogleService-Info.plist in Resources */,
				2F2025391F2F1F70007DD6F8 /* Assets.xcassets in Resources */,
				2F2025371F2F1F70007DD6F8 /* Main.storyboard in Resources */,
			);
			runOnlyForDeploymentPostprocessing = 0;
		};
/* End PBXResourcesBuildPhase section */

/* Begin PBXShellScriptBuildPhase section */
		76B0B6A75D37B9AB422BE3FB /* [CP] Embed Pods Frameworks */ = {
			isa = PBXShellScriptBuildPhase;
			buildActionMask = 2147483647;
			files = (
			);
			inputPaths = (
			);
			name = "[CP] Embed Pods Frameworks";
			outputPaths = (
			);
			runOnlyForDeploymentPostprocessing = 0;
			shellPath = /bin/sh;
			shellScript = "\"${SRCROOT}/Pods/Target Support Files/Pods-storePostOnFB/Pods-storePostOnFB-frameworks.sh\"\n";
			showEnvVarsInLog = 0;
		};
		E8F25D00C6E714357D22508A /* [CP] Copy Pods Resources */ = {
			isa = PBXShellScriptBuildPhase;
			buildActionMask = 2147483647;
			files = (
			);
			inputPaths = (
			);
			name = "[CP] Copy Pods Resources";
			outputPaths = (
			);
			runOnlyForDeploymentPostprocessing = 0;
			shellPath = /bin/sh;
			shellScript = "\"${SRCROOT}/Pods/Target Support Files/Pods-storePostOnFB/Pods-storePostOnFB-resources.sh\"\n";
			showEnvVarsInLog = 0;
		};
		F65EE82CFF3419EEAD5EB727 /* [CP] Check Pods Manifest.lock */ = {
			isa = PBXShellScriptBuildPhase;
			buildActionMask = 2147483647;
			files = (
			);
			inputPaths = (
			);
			name = "[CP] Check Pods Manifest.lock";
			outputPaths = (
			);
			runOnlyForDeploymentPostprocessing = 0;
			shellPath = /bin/sh;
			shellScript = "diff \"${PODS_PODFILE_DIR_PATH}/Podfile.lock\" \"${PODS_ROOT}/Manifest.lock\" > /dev/null\nif [ $? != 0 ] ; then\n    # print error to STDERR\n    echo \"error: The sandbox is not in sync with the Podfile.lock. Run 'pod install' or update your CocoaPods installation.\" >&2\n    exit 1\nfi\n";
			showEnvVarsInLog = 0;
		};
/* End PBXShellScriptBuildPhase section */

/* Begin PBXSourcesBuildPhase section */
		2F2025251F2F1F70007DD6F8 /* Sources */ = {
			isa = PBXSourcesBuildPhase;
			buildActionMask = 2147483647;
			files = (
				2F2025341F2F1F70007DD6F8 /* ViewController.m in Sources */,
				2F2025451F2F20BA007DD6F8 /* composeVC.m in Sources */,
				2F2025311F2F1F70007DD6F8 /* AppDelegate.m in Sources */,
				2F20252E1F2F1F70007DD6F8 /* main.m in Sources */,
			);
			runOnlyForDeploymentPostprocessing = 0;
		};
/* End PBXSourcesBuildPhase section */

/* Begin PBXVariantGroup section */
		2F2025351F2F1F70007DD6F8 /* Main.storyboard */ = {
			isa = PBXVariantGroup;
			children = (
				2F2025361F2F1F70007DD6F8 /* Base */,
			);
			name = Main.storyboard;
			sourceTree = "<group>";
		};
		2F20253A1F2F1F70007DD6F8 /* LaunchScreen.storyboard */ = {
			isa = PBXVariantGroup;
			children = (
				2F20253B1F2F1F70007DD6F8 /* Base */,
			);
			name = LaunchScreen.storyboard;
			sourceTree = "<group>";
		};
/* End PBXVariantGroup section */

/* Begin XCBuildConfiguration section */
		2F20253E1F2F1F70007DD6F8 /* Debug */ = {
			isa = XCBuildConfiguration;
			buildSettings = {
				ALWAYS_SEARCH_USER_PATHS = NO;
				CLANG_ANALYZER_NONNULL = YES;
				CLANG_ANALYZER_NUMBER_OBJECT_CONVERSION = YES_AGGRESSIVE;
				CLANG_CXX_LANGUAGE_STANDARD = "gnu++0x";
				CLANG_CXX_LIBRARY = "libc++";
				CLANG_ENABLE_MODULES = YES;
				CLANG_ENABLE_OBJC_ARC = YES;
				CLANG_WARN_BOOL_CONVERSION = YES;
				CLANG_WARN_CONSTANT_CONVERSION = YES;
				CLANG_WARN_DIRECT_OBJC_ISA_USAGE = YES_ERROR;
				CLANG_WARN_DOCUMENTATION_COMMENTS = YES;
				CLANG_WARN_EMPTY_BODY = YES;
				CLANG_WARN_ENUM_CONVERSION = YES;
				CLANG_WARN_INFINITE_RECURSION = YES;
				CLANG_WARN_INT_CONVERSION = YES;
				CLANG_WARN_OBJC_ROOT_CLASS = YES_ERROR;
				CLANG_WARN_SUSPICIOUS_MOVE = YES;
				CLANG_WARN_UNREACHABLE_CODE = YES;
				CLANG_WARN__DUPLICATE_METHOD_MATCH = YES;
				"CODE_SIGN_IDENTITY[sdk=iphoneos*]" = "iPhone Developer";
				COPY_PHASE_STRIP = NO;
				DEBUG_INFORMATION_FORMAT = dwarf;
				ENABLE_STRICT_OBJC_MSGSEND = YES;
				ENABLE_TESTABILITY = YES;
				GCC_C_LANGUAGE_STANDARD = gnu99;
				GCC_DYNAMIC_NO_PIC = NO;
				GCC_NO_COMMON_BLOCKS = YES;
				GCC_OPTIMIZATION_LEVEL = 0;
				GCC_PREPROCESSOR_DEFINITIONS = (
					"DEBUG=1",
					"$(inherited)",
				);
				GCC_WARN_64_TO_32_BIT_CONVERSION = YES;
				GCC_WARN_ABOUT_RETURN_TYPE = YES_ERROR;
				GCC_WARN_UNDECLARED_SELECTOR = YES;
				GCC_WARN_UNINITIALIZED_AUTOS = YES_AGGRESSIVE;
				GCC_WARN_UNUSED_FUNCTION = YES;
				GCC_WARN_UNUSED_VARIABLE = YES;
				IPHONEOS_DEPLOYMENT_TARGET = 10.3;
				MTL_ENABLE_DEBUG_INFO = YES;
				ONLY_ACTIVE_ARCH = YES;
				SDKROOT = iphoneos;
			};
			name = Debug;
		};
		2F20253F1F2F1F70007DD6F8 /* Release */ = {
			isa = XCBuildConfiguration;
			buildSettings = {
				ALWAYS_SEARCH_USER_PATHS = NO;
				CLANG_ANALYZER_NONNULL = YES;
				CLANG_ANALYZER_NUMBER_OBJECT_CONVERSION = YES_AGGRESSIVE;
				CLANG_CXX_LANGUAGE_STANDARD = "gnu++0x";
				CLANG_CXX_LIBRARY = "libc++";
				CLANG_ENABLE_MODULES = YES;
				CLANG_ENABLE_OBJC_ARC = YES;
				CLANG_WARN_BOOL_CONVERSION = YES;
				CLANG_WARN_CONSTANT_CONVERSION = YES;
				CLANG_WARN_DIRECT_OBJC_ISA_USAGE = YES_ERROR;
				CLANG_WARN_DOCUMENTATION_COMMENTS = YES;
				CLANG_WARN_EMPTY_BODY = YES;
				CLANG_WARN_ENUM_CONVERSION = YES;
				CLANG_WARN_INFINITE_RECURSION = YES;
				CLANG_WARN_INT_CONVERSION = YES;
				CLANG_WARN_OBJC_ROOT_CLASS = YES_ERROR;
				CLANG_WARN_SUSPICIOUS_MOVE = YES;
				CLANG_WARN_UNREACHABLE_CODE = YES;
				CLANG_WARN__DUPLICATE_METHOD_MATCH = YES;
				"CODE_SIGN_IDENTITY[sdk=iphoneos*]" = "iPhone Developer";
				COPY_PHASE_STRIP = NO;
				DEBUG_INFORMATION_FORMAT = "dwarf-with-dsym";
				ENABLE_NS_ASSERTIONS = NO;
				ENABLE_STRICT_OBJC_MSGSEND = YES;
				GCC_C_LANGUAGE_STANDARD = gnu99;
				GCC_NO_COMMON_BLOCKS = YES;
				GCC_WARN_64_TO_32_BIT_CONVERSION = YES;
				GCC_WARN_ABOUT_RETURN_TYPE = YES_ERROR;
				GCC_WARN_UNDECLARED_SELECTOR = YES;
				GCC_WARN_UNINITIALIZED_AUTOS = YES_AGGRESSIVE;
				GCC_WARN_UNUSED_FUNCTION = YES;
				GCC_WARN_UNUSED_VARIABLE = YES;
				IPHONEOS_DEPLOYMENT_TARGET = 10.3;
				MTL_ENABLE_DEBUG_INFO = NO;
				SDKROOT = iphoneos;
				VALIDATE_PRODUCT = YES;
			};
			name = Release;
		};
		2F2025411F2F1F70007DD6F8 /* Debug */ = {
			isa = XCBuildConfiguration;
			baseConfigurationReference = 3F18E355CEAC1F039D633EB6 /* Pods-storePostOnFB.debug.xcconfig */;
			buildSettings = {
				ASSETCATALOG_COMPILER_APPICON_NAME = AppIcon;
				INFOPLIST_FILE = storePostOnFB/Info.plist;
				LD_RUNPATH_SEARCH_PATHS = "$(inherited) @executable_path/Frameworks";
				PRODUCT_BUNDLE_IDENTIFIER = barUncle.storePostOnFB;
				PRODUCT_NAME = "$(TARGET_NAME)";
			};
			name = Debug;
		};
		2F2025421F2F1F70007DD6F8 /* Release */ = {
			isa = XCBuildConfiguration;
			baseConfigurationReference = B1F6949273C4DB8B65221423 /* Pods-storePostOnFB.release.xcconfig */;
			buildSettings = {
				ASSETCATALOG_COMPILER_APPICON_NAME = AppIcon;
				INFOPLIST_FILE = storePostOnFB/Info.plist;
				LD_RUNPATH_SEARCH_PATHS = "$(inherited) @executable_path/Frameworks";
				PRODUCT_BUNDLE_IDENTIFIER = barUncle.storePostOnFB;
				PRODUCT_NAME = "$(TARGET_NAME)";
			};
			name = Release;
		};
/* End XCBuildConfiguration section */

/* Begin XCConfigurationList section */
		2F2025241F2F1F70007DD6F8 /* Build configuration list for PBXProject "storePostOnFB" */ = {
			isa = XCConfigurationList;
			buildConfigurations = (
				2F20253E1F2F1F70007DD6F8 /* Debug */,
				2F20253F1F2F1F70007DD6F8 /* Release */,
			);
			defaultConfigurationIsVisible = 0;
			defaultConfigurationName = Release;
		};
		2F2025401F2F1F70007DD6F8 /* Build configuration list for PBXNativeTarget "storePostOnFB" */ = {
			isa = XCConfigurationList;
			buildConfigurations = (
				2F2025411F2F1F70007DD6F8 /* Debug */,
				2F2025421F2F1F70007DD6F8 /* Release */,
			);
			defaultConfigurationIsVisible = 0;
			defaultConfigurationName = Release;
		};
/* End XCConfigurationList section */
	};
	rootObject = 2F2025211F2F1F70007DD6F8 /* Project object */;
}
