// !$*UTF8*$!
{
	archiveVersion = 1;
	classes = {
	};
	objectVersion = 46;
	objects = {

/* Begin PBXBuildFile section */
		2F20E8731F55E3E800D8F561 /* main.m in Sources */ = {isa = PBXBuildFile; fileRef = 2F20E8721F55E3E800D8F561 /* main.m */; };
		2F20E8761F55E3E800D8F561 /* AppDelegate.m in Sources */ = {isa = PBXBuildFile; fileRef = 2F20E8751F55E3E800D8F561 /* AppDelegate.m */; };
		2F20E87C1F55E3E800D8F561 /* Main.storyboard in Resources */ = {isa = PBXBuildFile; fileRef = 2F20E87A1F55E3E800D8F561 /* Main.storyboard */; };
		2F20E87E1F55E3E800D8F561 /* Assets.xcassets in Resources */ = {isa = PBXBuildFile; fileRef = 2F20E87D1F55E3E800D8F561 /* Assets.xcassets */; };
		2F20E8811F55E3E800D8F561 /* LaunchScreen.storyboard in Resources */ = {isa = PBXBuildFile; fileRef = 2F20E87F1F55E3E800D8F561 /* LaunchScreen.storyboard */; };
		2F20E88A1F55E45600D8F561 /* MainController.m in Sources */ = {isa = PBXBuildFile; fileRef = 2F20E8891F55E45600D8F561 /* MainController.m */; };
		2F20E88D1F55E80000D8F561 /* OverviewVC.m in Sources */ = {isa = PBXBuildFile; fileRef = 2F20E88C1F55E80000D8F561 /* OverviewVC.m */; };
		2F20E8901F55E85D00D8F561 /* RequirementVC.m in Sources */ = {isa = PBXBuildFile; fileRef = 2F20E88F1F55E85D00D8F561 /* RequirementVC.m */; };
		2F20E8931F55F2A500D8F561 /* feesVC.m in Sources */ = {isa = PBXBuildFile; fileRef = 2F20E8921F55F2A500D8F561 /* feesVC.m */; };
/* End PBXBuildFile section */

/* Begin PBXFileReference section */
		2F20E86E1F55E3E800D8F561 /* TableViewDemo.app */ = {isa = PBXFileReference; explicitFileType = wrapper.application; includeInIndex = 0; path = TableViewDemo.app; sourceTree = BUILT_PRODUCTS_DIR; };
		2F20E8721F55E3E800D8F561 /* main.m */ = {isa = PBXFileReference; lastKnownFileType = sourcecode.c.objc; path = main.m; sourceTree = "<group>"; };
		2F20E8741F55E3E800D8F561 /* AppDelegate.h */ = {isa = PBXFileReference; lastKnownFileType = sourcecode.c.h; path = AppDelegate.h; sourceTree = "<group>"; };
		2F20E8751F55E3E800D8F561 /* AppDelegate.m */ = {isa = PBXFileReference; lastKnownFileType = sourcecode.c.objc; path = AppDelegate.m; sourceTree = "<group>"; };
		2F20E87B1F55E3E800D8F561 /* Base */ = {isa = PBXFileReference; lastKnownFileType = file.storyboard; name = Base; path = Base.lproj/Main.storyboard; sourceTree = "<group>"; };
		2F20E87D1F55E3E800D8F561 /* Assets.xcassets */ = {isa = PBXFileReference; lastKnownFileType = folder.assetcatalog; path = Assets.xcassets; sourceTree = "<group>"; };
		2F20E8801F55E3E800D8F561 /* Base */ = {isa = PBXFileReference; lastKnownFileType = file.storyboard; name = Base; path = Base.lproj/LaunchScreen.storyboard; sourceTree = "<group>"; };
		2F20E8821F55E3E800D8F561 /* Info.plist */ = {isa = PBXFileReference; lastKnownFileType = text.plist.xml; path = Info.plist; sourceTree = "<group>"; };
		2F20E8881F55E45600D8F561 /* MainController.h */ = {isa = PBXFileReference; fileEncoding = 4; lastKnownFileType = sourcecode.c.h; path = MainController.h; sourceTree = "<group>"; };
		2F20E8891F55E45600D8F561 /* MainController.m */ = {isa = PBXFileReference; fileEncoding = 4; lastKnownFileType = sourcecode.c.objc; path = MainController.m; sourceTree = "<group>"; };
		2F20E88B1F55E80000D8F561 /* OverviewVC.h */ = {isa = PBXFileReference; fileEncoding = 4; lastKnownFileType = sourcecode.c.h; path = OverviewVC.h; sourceTree = "<group>"; };
		2F20E88C1F55E80000D8F561 /* OverviewVC.m */ = {isa = PBXFileReference; fileEncoding = 4; lastKnownFileType = sourcecode.c.objc; path = OverviewVC.m; sourceTree = "<group>"; };
		2F20E88E1F55E85D00D8F561 /* RequirementVC.h */ = {isa = PBXFileReference; fileEncoding = 4; lastKnownFileType = sourcecode.c.h; path = RequirementVC.h; sourceTree = "<group>"; };
		2F20E88F1F55E85D00D8F561 /* RequirementVC.m */ = {isa = PBXFileReference; fileEncoding = 4; lastKnownFileType = sourcecode.c.objc; path = RequirementVC.m; sourceTree = "<group>"; };
		2F20E8911F55F2A500D8F561 /* feesVC.h */ = {isa = PBXFileReference; fileEncoding = 4; lastKnownFileType = sourcecode.c.h; path = feesVC.h; sourceTree = "<group>"; };
		2F20E8921F55F2A500D8F561 /* feesVC.m */ = {isa = PBXFileReference; fileEncoding = 4; lastKnownFileType = sourcecode.c.objc; path = feesVC.m; sourceTree = "<group>"; };
/* End PBXFileReference section */

/* Begin PBXFrameworksBuildPhase section */
		2F20E86B1F55E3E800D8F561 /* Frameworks */ = {
			isa = PBXFrameworksBuildPhase;
			buildActionMask = 2147483647;
			files = (
			);
			runOnlyForDeploymentPostprocessing = 0;
		};
/* End PBXFrameworksBuildPhase section */

/* Begin PBXGroup section */
		2F20E8651F55E3E800D8F561 = {
			isa = PBXGroup;
			children = (
				2F20E8701F55E3E800D8F561 /* TableViewDemo */,
				2F20E86F1F55E3E800D8F561 /* Products */,
			);
			sourceTree = "<group>";
		};
		2F20E86F1F55E3E800D8F561 /* Products */ = {
			isa = PBXGroup;
			children = (
				2F20E86E1F55E3E800D8F561 /* TableViewDemo.app */,
			);
			name = Products;
			sourceTree = "<group>";
		};
		2F20E8701F55E3E800D8F561 /* TableViewDemo */ = {
			isa = PBXGroup;
			children = (
				2F20E8741F55E3E800D8F561 /* AppDelegate.h */,
				2F20E8751F55E3E800D8F561 /* AppDelegate.m */,
				2F20E87A1F55E3E800D8F561 /* Main.storyboard */,
				2F20E87D1F55E3E800D8F561 /* Assets.xcassets */,
				2F20E87F1F55E3E800D8F561 /* LaunchScreen.storyboard */,
				2F20E8821F55E3E800D8F561 /* Info.plist */,
				2F20E8881F55E45600D8F561 /* MainController.h */,
				2F20E8891F55E45600D8F561 /* MainController.m */,
				2F20E8711F55E3E800D8F561 /* Supporting Files */,
				2F20E88B1F55E80000D8F561 /* OverviewVC.h */,
				2F20E88C1F55E80000D8F561 /* OverviewVC.m */,
				2F20E88E1F55E85D00D8F561 /* RequirementVC.h */,
				2F20E88F1F55E85D00D8F561 /* RequirementVC.m */,
				2F20E8911F55F2A500D8F561 /* feesVC.h */,
				2F20E8921F55F2A500D8F561 /* feesVC.m */,
			);
			path = TableViewDemo;
			sourceTree = "<group>";
		};
		2F20E8711F55E3E800D8F561 /* Supporting Files */ = {
			isa = PBXGroup;
			children = (
				2F20E8721F55E3E800D8F561 /* main.m */,
			);
			name = "Supporting Files";
			sourceTree = "<group>";
		};
/* End PBXGroup section */

/* Begin PBXNativeTarget section */
		2F20E86D1F55E3E800D8F561 /* TableViewDemo */ = {
			isa = PBXNativeTarget;
			buildConfigurationList = 2F20E8851F55E3E800D8F561 /* Build configuration list for PBXNativeTarget "TableViewDemo" */;
			buildPhases = (
				2F20E86A1F55E3E800D8F561 /* Sources */,
				2F20E86B1F55E3E800D8F561 /* Frameworks */,
				2F20E86C1F55E3E800D8F561 /* Resources */,
			);
			buildRules = (
			);
			dependencies = (
			);
			name = TableViewDemo;
			productName = TableViewDemo;
			productReference = 2F20E86E1F55E3E800D8F561 /* TableViewDemo.app */;
			productType = "com.apple.product-type.application";
		};
/* End PBXNativeTarget section */

/* Begin PBXProject section */
		2F20E8661F55E3E800D8F561 /* Project object */ = {
			isa = PBXProject;
			attributes = {
				LastUpgradeCheck = 0830;
				ORGANIZATIONNAME = Learn2iOSCenter;
				TargetAttributes = {
					2F20E86D1F55E3E800D8F561 = {
						CreatedOnToolsVersion = 8.3.3;
						ProvisioningStyle = Automatic;
					};
				};
			};
			buildConfigurationList = 2F20E8691F55E3E800D8F561 /* Build configuration list for PBXProject "TableViewDemo" */;
			compatibilityVersion = "Xcode 3.2";
			developmentRegion = English;
			hasScannedForEncodings = 0;
			knownRegions = (
				en,
				Base,
			);
			mainGroup = 2F20E8651F55E3E800D8F561;
			productRefGroup = 2F20E86F1F55E3E800D8F561 /* Products */;
			projectDirPath = "";
			projectRoot = "";
			targets = (
				2F20E86D1F55E3E800D8F561 /* TableViewDemo */,
			);
		};
/* End PBXProject section */

/* Begin PBXResourcesBuildPhase section */
		2F20E86C1F55E3E800D8F561 /* Resources */ = {
			isa = PBXResourcesBuildPhase;
			buildActionMask = 2147483647;
			files = (
				2F20E8811F55E3E800D8F561 /* LaunchScreen.storyboard in Resources */,
				2F20E87E1F55E3E800D8F561 /* Assets.xcassets in Resources */,
				2F20E87C1F55E3E800D8F561 /* Main.storyboard in Resources */,
			);
			runOnlyForDeploymentPostprocessing = 0;
		};
/* End PBXResourcesBuildPhase section */

/* Begin PBXSourcesBuildPhase section */
		2F20E86A1F55E3E800D8F561 /* Sources */ = {
			isa = PBXSourcesBuildPhase;
			buildActionMask = 2147483647;
			files = (
				2F20E8761F55E3E800D8F561 /* AppDelegate.m in Sources */,
				2F20E8901F55E85D00D8F561 /* RequirementVC.m in Sources */,
				2F20E88A1F55E45600D8F561 /* MainController.m in Sources */,
				2F20E8731F55E3E800D8F561 /* main.m in Sources */,
				2F20E88D1F55E80000D8F561 /* OverviewVC.m in Sources */,
				2F20E8931F55F2A500D8F561 /* feesVC.m in Sources */,
			);
			runOnlyForDeploymentPostprocessing = 0;
		};
/* End PBXSourcesBuildPhase section */

/* Begin PBXVariantGroup section */
		2F20E87A1F55E3E800D8F561 /* Main.storyboard */ = {
			isa = PBXVariantGroup;
			children = (
				2F20E87B1F55E3E800D8F561 /* Base */,
			);
			name = Main.storyboard;
			sourceTree = "<group>";
		};
		2F20E87F1F55E3E800D8F561 /* LaunchScreen.storyboard */ = {
			isa = PBXVariantGroup;
			children = (
				2F20E8801F55E3E800D8F561 /* Base */,
			);
			name = LaunchScreen.storyboard;
			sourceTree = "<group>";
		};
/* End PBXVariantGroup section */

/* Begin XCBuildConfiguration section */
		2F20E8831F55E3E800D8F561 /* Debug */ = {
			isa = XCBuildConfiguration;
			buildSettings = {
				ALWAYS_SEARCH_USER_PATHS = NO;
				CLANG_ANALYZER_NONNULL = YES;
				CLANG_ANALYZER_NUMBER_OBJECT_CONVERSION = YES_AGGRESSIVE;
				CLANG_CXX_LANGUAGE_STANDARD = "gnu++0x";
				CLANG_CXX_LIBRARY = "libc++";
				CLANG_ENABLE_MODULES = YES;
				CLANG_ENABLE_OBJC_ARC = YES;
				CLANG_WARN_BOOL_CONVERSION = YES;
				CLANG_WARN_CONSTANT_CONVERSION = YES;
				CLANG_WARN_DIRECT_OBJC_ISA_USAGE = YES_ERROR;
				CLANG_WARN_DOCUMENTATION_COMMENTS = YES;
				CLANG_WARN_EMPTY_BODY = YES;
				CLANG_WARN_ENUM_CONVERSION = YES;
				CLANG_WARN_INFINITE_RECURSION = YES;
				CLANG_WARN_INT_CONVERSION = YES;
				CLANG_WARN_OBJC_ROOT_CLASS = YES_ERROR;
				CLANG_WARN_SUSPICIOUS_MOVE = YES;
				CLANG_WARN_UNREACHABLE_CODE = YES;
				CLANG_WARN__DUPLICATE_METHOD_MATCH = YES;
				"CODE_SIGN_IDENTITY[sdk=iphoneos*]" = "iPhone Developer";
				COPY_PHASE_STRIP = NO;
				DEBUG_INFORMATION_FORMAT = dwarf;
				ENABLE_STRICT_OBJC_MSGSEND = YES;
				ENABLE_TESTABILITY = YES;
				GCC_C_LANGUAGE_STANDARD = gnu99;
				GCC_DYNAMIC_NO_PIC = NO;
				GCC_NO_COMMON_BLOCKS = YES;
				GCC_OPTIMIZATION_LEVEL = 0;
				GCC_PREPROCESSOR_DEFINITIONS = (
					"DEBUG=1",
					"$(inherited)",
				);
				GCC_WARN_64_TO_32_BIT_CONVERSION = YES;
				GCC_WARN_ABOUT_RETURN_TYPE = YES_ERROR;
				GCC_WARN_UNDECLARED_SELECTOR = YES;
				GCC_WARN_UNINITIALIZED_AUTOS = YES_AGGRESSIVE;
				GCC_WARN_UNUSED_FUNCTION = YES;
				GCC_WARN_UNUSED_VARIABLE = YES;
				IPHONEOS_DEPLOYMENT_TARGET = 10.3;
				MTL_ENABLE_DEBUG_INFO = YES;
				ONLY_ACTIVE_ARCH = YES;
				SDKROOT = iphoneos;
			};
			name = Debug;
		};
		2F20E8841F55E3E800D8F561 /* Release */ = {
			isa = XCBuildConfiguration;
			buildSettings = {
				ALWAYS_SEARCH_USER_PATHS = NO;
				CLANG_ANALYZER_NONNULL = YES;
				CLANG_ANALYZER_NUMBER_OBJECT_CONVERSION = YES_AGGRESSIVE;
				CLANG_CXX_LANGUAGE_STANDARD = "gnu++0x";
				CLANG_CXX_LIBRARY = "libc++";
				CLANG_ENABLE_MODULES = YES;
				CLANG_ENABLE_OBJC_ARC = YES;
				CLANG_WARN_BOOL_CONVERSION = YES;
				CLANG_WARN_CONSTANT_CONVERSION = YES;
				CLANG_WARN_DIRECT_OBJC_ISA_USAGE = YES_ERROR;
				CLANG_WARN_DOCUMENTATION_COMMENTS = YES;
				CLANG_WARN_EMPTY_BODY = YES;
				CLANG_WARN_ENUM_CONVERSION = YES;
				CLANG_WARN_INFINITE_RECURSION = YES;
				CLANG_WARN_INT_CONVERSION = YES;
				CLANG_WARN_OBJC_ROOT_CLASS = YES_ERROR;
				CLANG_WARN_SUSPICIOUS_MOVE = YES;
				CLANG_WARN_UNREACHABLE_CODE = YES;
				CLANG_WARN__DUPLICATE_METHOD_MATCH = YES;
				"CODE_SIGN_IDENTITY[sdk=iphoneos*]" = "iPhone Developer";
				COPY_PHASE_STRIP = NO;
				DEBUG_INFORMATION_FORMAT = "dwarf-with-dsym";
				ENABLE_NS_ASSERTIONS = NO;
				ENABLE_STRICT_OBJC_MSGSEND = YES;
				GCC_C_LANGUAGE_STANDARD = gnu99;
				GCC_NO_COMMON_BLOCKS = YES;
				GCC_WARN_64_TO_32_BIT_CONVERSION = YES;
				GCC_WARN_ABOUT_RETURN_TYPE = YES_ERROR;
				GCC_WARN_UNDECLARED_SELECTOR = YES;
				GCC_WARN_UNINITIALIZED_AUTOS = YES_AGGRESSIVE;
				GCC_WARN_UNUSED_FUNCTION = YES;
				GCC_WARN_UNUSED_VARIABLE = YES;
				IPHONEOS_DEPLOYMENT_TARGET = 10.3;
				MTL_ENABLE_DEBUG_INFO = NO;
				SDKROOT = iphoneos;
				VALIDATE_PRODUCT = YES;
			};
			name = Release;
		};
		2F20E8861F55E3E800D8F561 /* Debug */ = {
			isa = XCBuildConfiguration;
			buildSettings = {
				ASSETCATALOG_COMPILER_APPICON_NAME = AppIcon;
				INFOPLIST_FILE = TableViewDemo/Info.plist;
				LD_RUNPATH_SEARCH_PATHS = "$(inherited) @executable_path/Frameworks";
				PRODUCT_BUNDLE_IDENTIFIER = BarUncle.TableViewDemo;
				PRODUCT_NAME = "$(TARGET_NAME)";
			};
			name = Debug;
		};
		2F20E8871F55E3E800D8F561 /* Release */ = {
			isa = XCBuildConfiguration;
			buildSettings = {
				ASSETCATALOG_COMPILER_APPICON_NAME = AppIcon;
				INFOPLIST_FILE = TableViewDemo/Info.plist;
				LD_RUNPATH_SEARCH_PATHS = "$(inherited) @executable_path/Frameworks";
				PRODUCT_BUNDLE_IDENTIFIER = BarUncle.TableViewDemo;
				PRODUCT_NAME = "$(TARGET_NAME)";
			};
			name = Release;
		};
/* End XCBuildConfiguration section */

/* Begin XCConfigurationList section */
		2F20E8691F55E3E800D8F561 /* Build configuration list for PBXProject "TableViewDemo" */ = {
			isa = XCConfigurationList;
			buildConfigurations = (
				2F20E8831F55E3E800D8F561 /* Debug */,
				2F20E8841F55E3E800D8F561 /* Release */,
			);
			defaultConfigurationIsVisible = 0;
			defaultConfigurationName = Release;
		};
		2F20E8851F55E3E800D8F561 /* Build configuration list for PBXNativeTarget "TableViewDemo" */ = {
			isa = XCConfigurationList;
			buildConfigurations = (
				2F20E8861F55E3E800D8F561 /* Debug */,
				2F20E8871F55E3E800D8F561 /* Release */,
			);
			defaultConfigurationIsVisible = 0;
		};
/* End XCConfigurationList section */
	};
	rootObject = 2F20E8661F55E3E800D8F561 /* Project object */;
}
